
Microsoft Visual Studio Solution File, Format Version 12.00
# Visual Studio Version 17
VisualStudioVersion = 17.2.32516.85
MinimumVisualStudioVersion = 10.0.40219.1
Project("{FAE04EC0-301F-11D3-BF4B-00C04F79EFBC}") = "Collections", "Collections\Collections.csproj", "{DBD079E7-DE50-459E-8365-70BB5596DC4B}"
EndProject
Global
	GlobalSection(SolutionConfigurationPlatforms) = preSolution
		Debug|Any CPU = Debug|Any CPU
		Release|Any CPU = Release|Any CPU
	EndGlobalSection
	GlobalSection(ProjectConfigurationPlatforms) = postSolution
		{DBD079E7-DE50-459E-8365-70BB5596DC4B}.Debug|Any CPU.ActiveCfg = Debug|Any CPU
		{DBD079E7-DE50-459E-8365-70BB5596DC4B}.Debug|Any CPU.Build.0 = Debug|Any CPU
		{DBD079E7-DE50-459E-8365-70BB5596DC4B}.Release|Any CPU.ActiveCfg = Release|Any CPU
		{DBD079E7-DE50-459E-8365-70BB5596DC4B}.Release|Any CPU.Build.0 = Release|Any CPU
	EndGlobalSection
	GlobalSection(SolutionProperties) = preSolution
		HideSolutionNode = FALSE
	EndGlobalSection
	GlobalSection(ExtensibilityGlobals) = postSolution
		SolutionGuid = {5B43C4A8-17DB-46AB-9741-A57649027A3B}
	EndGlobalSection
EndGlobal
