
Microsoft Visual Studio Solution File, Format Version 12.00
# Visual Studio Version 17
VisualStudioVersion = 17.2.32516.85
MinimumVisualStudioVersion = 10.0.40219.1
Project("{FAE04EC0-301F-11D3-BF4B-00C04F79EFBC}") = "MethodsAndFunctions", "MethodsAndFunctions\MethodsAndFunctions.csproj", "{49705CF1-4BD2-4D7F-8359-FE7B6A713C39}"
EndProject
Global
	GlobalSection(SolutionConfigurationPlatforms) = preSolution
		Debug|Any CPU = Debug|Any CPU
		Release|Any CPU = Release|Any CPU
	EndGlobalSection
	GlobalSection(ProjectConfigurationPlatforms) = postSolution
		{49705CF1-4BD2-4D7F-8359-FE7B6A713C39}.Debug|Any CPU.ActiveCfg = Debug|Any CPU
		{49705CF1-4BD2-4D7F-8359-FE7B6A713C39}.Debug|Any CPU.Build.0 = Debug|Any CPU
		{49705CF1-4BD2-4D7F-8359-FE7B6A713C39}.Release|Any CPU.ActiveCfg = Release|Any CPU
		{49705CF1-4BD2-4D7F-8359-FE7B6A713C39}.Release|Any CPU.Build.0 = Release|Any CPU
	EndGlobalSection
	GlobalSection(SolutionProperties) = preSolution
		HideSolutionNode = FALSE
	EndGlobalSection
	GlobalSection(ExtensibilityGlobals) = postSolution
		SolutionGuid = {D005805A-CCB8-4D60-BCDA-A729EABCFF79}
	EndGlobalSection
EndGlobal
